// !$*UTF8*$!
{
	archiveVersion = 1;
	classes = {
	};
	objectVersion = 55;
	objects = {

/* Begin PBXBuildFile section */
		620708142A8AFA46002A9DD6 /* AppDelegate.swift in Sources */ = {isa = PBXBuildFile; fileRef = 620708132A8AFA46002A9DD6 /* AppDelegate.swift */; };
		620708162A8AFA46002A9DD6 /* SceneDelegate.swift in Sources */ = {isa = PBXBuildFile; fileRef = 620708152A8AFA46002A9DD6 /* SceneDelegate.swift */; };
		620708182A8AFA46002A9DD6 /* ViewController.swift in Sources */ = {isa = PBXBuildFile; fileRef = 620708172A8AFA46002A9DD6 /* ViewController.swift */; };
		6207081B2A8AFA46002A9DD6 /* Main.storyboard in Resources */ = {isa = PBXBuildFile; fileRef = 620708192A8AFA46002A9DD6 /* Main.storyboard */; };
		6207081D2A8AFA6D002A9DD6 /* Assets.xcassets in Resources */ = {isa = PBXBuildFile; fileRef = 6207081C2A8AFA6D002A9DD6 /* Assets.xcassets */; };
		620708202A8AFA6D002A9DD6 /* LaunchScreen.storyboard in Resources */ = {isa = PBXBuildFile; fileRef = 6207081E2A8AFA6D002A9DD6 /* LaunchScreen.storyboard */; };
		DCB53DD8AF5D72CEBEA405CA /* Pods_ExampleCICD.framework in Frameworks */ = {isa = PBXBuildFile; fileRef = 24FED79D7D73AFCB5521CA7D /* Pods_ExampleCICD.framework */; };
/* End PBXBuildFile section */

/* Begin PBXFileReference section */
		0AABDD3B46C4294FEF3E8EA4 /* Pods-ExampleCICD.debug.xcconfig */ = {isa = PBXFileReference; includeInIndex = 1; lastKnownFileType = text.xcconfig; name = "Pods-ExampleCICD.debug.xcconfig"; path = "Target Support Files/Pods-ExampleCICD/Pods-ExampleCICD.debug.xcconfig"; sourceTree = "<group>"; };
		24FED79D7D73AFCB5521CA7D /* Pods_ExampleCICD.framework */ = {isa = PBXFileReference; explicitFileType = wrapper.framework; includeInIndex = 0; path = Pods_ExampleCICD.framework; sourceTree = BUILT_PRODUCTS_DIR; };
		620708102A8AFA46002A9DD6 /* ExampleCICD.app */ = {isa = PBXFileReference; explicitFileType = wrapper.application; includeInIndex = 0; path = ExampleCICD.app; sourceTree = BUILT_PRODUCTS_DIR; };
		620708132A8AFA46002A9DD6 /* AppDelegate.swift */ = {isa = PBXFileReference; lastKnownFileType = sourcecode.swift; path = AppDelegate.swift; sourceTree = "<group>"; };
		620708152A8AFA46002A9DD6 /* SceneDelegate.swift */ = {isa = PBXFileReference; lastKnownFileType = sourcecode.swift; path = SceneDelegate.swift; sourceTree = "<group>"; };
		620708172A8AFA46002A9DD6 /* ViewController.swift */ = {isa = PBXFileReference; lastKnownFileType = sourcecode.swift; path = ViewController.swift; sourceTree = "<group>"; };
		6207081A2A8AFA46002A9DD6 /* Base */ = {isa = PBXFileReference; lastKnownFileType = file.storyboard; name = Base; path = Base.lproj/Main.storyboard; sourceTree = "<group>"; };
		6207081C2A8AFA6D002A9DD6 /* Assets.xcassets */ = {isa = PBXFileReference; lastKnownFileType = folder.assetcatalog; path = Assets.xcassets; sourceTree = "<group>"; };
		6207081F2A8AFA6D002A9DD6 /* Base */ = {isa = PBXFileReference; lastKnownFileType = file.storyboard; name = Base; path = Base.lproj/LaunchScreen.storyboard; sourceTree = "<group>"; };
		620708212A8AFA6D002A9DD6 /* Info.plist */ = {isa = PBXFileReference; lastKnownFileType = text.plist.xml; path = Info.plist; sourceTree = "<group>"; };
		B021C8EDA1FB6C41CFAD2982 /* Pods-ExampleCICD.release.xcconfig */ = {isa = PBXFileReference; includeInIndex = 1; lastKnownFileType = text.xcconfig; name = "Pods-ExampleCICD.release.xcconfig"; path = "Target Support Files/Pods-ExampleCICD/Pods-ExampleCICD.release.xcconfig"; sourceTree = "<group>"; };
/* End PBXFileReference section */

/* Begin PBXFrameworksBuildPhase section */
		6207080D2A8AFA46002A9DD6 /* Frameworks */ = {
			isa = PBXFrameworksBuildPhase;
			buildActionMask = 2147483647;
			files = (
				DCB53DD8AF5D72CEBEA405CA /* Pods_ExampleCICD.framework in Frameworks */,
			);
			runOnlyForDeploymentPostprocessing = 0;
		};
/* End PBXFrameworksBuildPhase section */

/* Begin PBXGroup section */
		3AAEB67D0802DF77CF829AF3 /* Pods */ = {
			isa = PBXGroup;
			children = (
				0AABDD3B46C4294FEF3E8EA4 /* Pods-ExampleCICD.debug.xcconfig */,
				B021C8EDA1FB6C41CFAD2982 /* Pods-ExampleCICD.release.xcconfig */,
			);
			name = Pods;
			path = Pods;
			sourceTree = "<group>";
		};
		51537F1E0316796325F1870E /* Frameworks */ = {
			isa = PBXGroup;
			children = (
				24FED79D7D73AFCB5521CA7D /* Pods_ExampleCICD.framework */,
			);
			name = Frameworks;
			sourceTree = "<group>";
		};
		620708072A8AFA46002A9DD6 = {
			isa = PBXGroup;
			children = (
				620708122A8AFA46002A9DD6 /* ExampleCICD */,
				620708112A8AFA46002A9DD6 /* Products */,
				3AAEB67D0802DF77CF829AF3 /* Pods */,
				51537F1E0316796325F1870E /* Frameworks */,
			);
			sourceTree = "<group>";
		};
		620708112A8AFA46002A9DD6 /* Products */ = {
			isa = PBXGroup;
			children = (
				620708102A8AFA46002A9DD6 /* ExampleCICD.app */,
			);
			name = Products;
			sourceTree = "<group>";
		};
		620708122A8AFA46002A9DD6 /* ExampleCICD */ = {
			isa = PBXGroup;
			children = (
				620708132A8AFA46002A9DD6 /* AppDelegate.swift */,
				620708152A8AFA46002A9DD6 /* SceneDelegate.swift */,
				620708172A8AFA46002A9DD6 /* ViewController.swift */,
				620708192A8AFA46002A9DD6 /* Main.storyboard */,
				6207081C2A8AFA6D002A9DD6 /* Assets.xcassets */,
				6207081E2A8AFA6D002A9DD6 /* LaunchScreen.storyboard */,
				620708212A8AFA6D002A9DD6 /* Info.plist */,
			);
			path = ExampleCICD;
			sourceTree = "<group>";
		};
/* End PBXGroup section */

/* Begin PBXNativeTarget section */
		6207080F2A8AFA46002A9DD6 /* ExampleCICD */ = {
			isa = PBXNativeTarget;
			buildConfigurationList = 620708242A8AFA6D002A9DD6 /* Build configuration list for PBXNativeTarget "ExampleCICD" */;
			buildPhases = (
				C810B47BE7186E212B42D67D /* [CP] Check Pods Manifest.lock */,
				6207080C2A8AFA46002A9DD6 /* Sources */,
				6207080D2A8AFA46002A9DD6 /* Frameworks */,
				6207080E2A8AFA46002A9DD6 /* Resources */,
			);
			buildRules = (
			);
			dependencies = (
			);
			name = ExampleCICD;
			productName = ExampleCICD;
			productReference = 620708102A8AFA46002A9DD6 /* ExampleCICD.app */;
			productType = "com.apple.product-type.application";
		};
/* End PBXNativeTarget section */

/* Begin PBXProject section */
		620708082A8AFA46002A9DD6 /* Project object */ = {
			isa = PBXProject;
			attributes = {
				BuildIndependentTargetsInParallel = 1;
				LastSwiftUpdateCheck = 1430;
				LastUpgradeCheck = 1430;
				TargetAttributes = {
					6207080F2A8AFA46002A9DD6 = {
						CreatedOnToolsVersion = 14.3;
					};
				};
			};
			buildConfigurationList = 6207080B2A8AFA46002A9DD6 /* Build configuration list for PBXProject "ExampleCICD" */;
			compatibilityVersion = "Xcode 13.0";
			developmentRegion = en;
			hasScannedForEncodings = 0;
			knownRegions = (
				en,
				Base,
			);
			mainGroup = 620708072A8AFA46002A9DD6;
			productRefGroup = 620708112A8AFA46002A9DD6 /* Products */;
			projectDirPath = "";
			projectRoot = "";
			targets = (
				6207080F2A8AFA46002A9DD6 /* ExampleCICD */,
			);
		};
/* End PBXProject section */

/* Begin PBXResourcesBuildPhase section */
		6207080E2A8AFA46002A9DD6 /* Resources */ = {
			isa = PBXResourcesBuildPhase;
			buildActionMask = 2147483647;
			files = (
				620708202A8AFA6D002A9DD6 /* LaunchScreen.storyboard in Resources */,
				6207081D2A8AFA6D002A9DD6 /* Assets.xcassets in Resources */,
				6207081B2A8AFA46002A9DD6 /* Main.storyboard in Resources */,
			);
			runOnlyForDeploymentPostprocessing = 0;
		};
/* End PBXResourcesBuildPhase section */

/* Begin PBXShellScriptBuildPhase section */
		C810B47BE7186E212B42D67D /* [CP] Check Pods Manifest.lock */ = {
			isa = PBXShellScriptBuildPhase;
			buildActionMask = 2147483647;
			files = (
			);
			inputFileListPaths = (
			);
			inputPaths = (
				"${PODS_PODFILE_DIR_PATH}/Podfile.lock",
				"${PODS_ROOT}/Manifest.lock",
			);
			name = "[CP] Check Pods Manifest.lock";
			outputFileListPaths = (
			);
			outputPaths = (
				"$(DERIVED_FILE_DIR)/Pods-ExampleCICD-checkManifestLockResult.txt",
			);
			runOnlyForDeploymentPostprocessing = 0;
			shellPath = /bin/sh;
			shellScript = "diff \"${PODS_PODFILE_DIR_PATH}/Podfile.lock\" \"${PODS_ROOT}/Manifest.lock\" > /dev/null\nif [ $? != 0 ] ; then\n    # print error to STDERR\n    echo \"error: The sandbox is not in sync with the Podfile.lock. Run 'pod install' or update your CocoaPods installation.\" >&2\n    exit 1\nfi\n# This output is used by Xcode 'outputs' to avoid re-running this script phase.\necho \"SUCCESS\" > \"${SCRIPT_OUTPUT_FILE_0}\"\n";
			showEnvVarsInLog = 0;
		};
/* End PBXShellScriptBuildPhase section */

/* Begin PBXSourcesBuildPhase section */
		6207080C2A8AFA46002A9DD6 /* Sources */ = {
			isa = PBXSourcesBuildPhase;
			buildActionMask = 2147483647;
			files = (
				620708182A8AFA46002A9DD6 /* ViewController.swift in Sources */,
				620708142A8AFA46002A9DD6 /* AppDelegate.swift in Sources */,
				620708162A8AFA46002A9DD6 /* SceneDelegate.swift in Sources */,
			);
			runOnlyForDeploymentPostprocessing = 0;
		};
/* End PBXSourcesBuildPhase section */

/* Begin PBXVariantGroup section */
		620708192A8AFA46002A9DD6 /* Main.storyboard */ = {
			isa = PBXVariantGroup;
			children = (
				6207081A2A8AFA46002A9DD6 /* Base */,
			);
			name = Main.storyboard;
			sourceTree = "<group>";
		};
		6207081E2A8AFA6D002A9DD6 /* LaunchScreen.storyboard */ = {
			isa = PBXVariantGroup;
			children = (
				6207081F2A8AFA6D002A9DD6 /* Base */,
			);
			name = LaunchScreen.storyboard;
			sourceTree = "<group>";
		};
/* End PBXVariantGroup section */

/* Begin XCBuildConfiguration section */
		620708222A8AFA6D002A9DD6 /* Debug */ = {
			isa = XCBuildConfiguration;
			buildSettings = {
				ALWAYS_SEARCH_USER_PATHS = NO;
				CLANG_ANALYZER_NONNULL = YES;
				CLANG_ANALYZER_NUMBER_OBJECT_CONVERSION = YES_AGGRESSIVE;
				CLANG_CXX_LANGUAGE_STANDARD = "gnu++20";
				CLANG_ENABLE_MODULES = YES;
				CLANG_ENABLE_OBJC_ARC = YES;
				CLANG_ENABLE_OBJC_WEAK = YES;
				CLANG_WARN_BLOCK_CAPTURE_AUTORELEASING = YES;
				CLANG_WARN_BOOL_CONVERSION = YES;
				CLANG_WARN_COMMA = YES;
				CLANG_WARN_CONSTANT_CONVERSION = YES;
				CLANG_WARN_DEPRECATED_OBJC_IMPLEMENTATIONS = YES;
				CLANG_WARN_DIRECT_OBJC_ISA_USAGE = YES_ERROR;
				CLANG_WARN_DOCUMENTATION_COMMENTS = YES;
				CLANG_WARN_EMPTY_BODY = YES;
				CLANG_WARN_ENUM_CONVERSION = YES;
				CLANG_WARN_INFINITE_RECURSION = YES;
				CLANG_WARN_INT_CONVERSION = YES;
				CLANG_WARN_NON_LITERAL_NULL_CONVERSION = YES;
				CLANG_WARN_OBJC_IMPLICIT_RETAIN_SELF = YES;
				CLANG_WARN_OBJC_LITERAL_CONVERSION = YES;
				CLANG_WARN_OBJC_ROOT_CLASS = YES_ERROR;
				CLANG_WARN_QUOTED_INCLUDE_IN_FRAMEWORK_HEADER = YES;
				CLANG_WARN_RANGE_LOOP_ANALYSIS = YES;
				CLANG_WARN_STRICT_PROTOTYPES = YES;
				CLANG_WARN_SUSPICIOUS_MOVE = YES;
				CLANG_WARN_UNGUARDED_AVAILABILITY = YES_AGGRESSIVE;
				CLANG_WARN_UNREACHABLE_CODE = YES;
				CLANG_WARN__DUPLICATE_METHOD_MATCH = YES;
				COPY_PHASE_STRIP = NO;
				DEBUG_INFORMATION_FORMAT = dwarf;
				ENABLE_STRICT_OBJC_MSGSEND = YES;
				ENABLE_TESTABILITY = YES;
				GCC_C_LANGUAGE_STANDARD = gnu11;
				GCC_DYNAMIC_NO_PIC = NO;
				GCC_NO_COMMON_BLOCKS = YES;
				GCC_OPTIMIZATION_LEVEL = 0;
				GCC_PREPROCESSOR_DEFINITIONS = (
					"DEBUG=1",
					"$(inherited)",
				);
				GCC_WARN_64_TO_32_BIT_CONVERSION = YES;
				GCC_WARN_ABOUT_RETURN_TYPE = YES_ERROR;
				GCC_WARN_UNDECLARED_SELECTOR = YES;
				GCC_WARN_UNINITIALIZED_AUTOS = YES_AGGRESSIVE;
				GCC_WARN_UNUSED_FUNCTION = YES;
				GCC_WARN_UNUSED_VARIABLE = YES;
				IPHONEOS_DEPLOYMENT_TARGET = 16.4;
				MTL_ENABLE_DEBUG_INFO = INCLUDE_SOURCE;
				MTL_FAST_MATH = YES;
				ONLY_ACTIVE_ARCH = YES;
				SDKROOT = iphoneos;
				SWIFT_ACTIVE_COMPILATION_CONDITIONS = DEBUG;
				SWIFT_OPTIMIZATION_LEVEL = "-Onone";
			};
			name = Debug;
		};
		620708232A8AFA6D002A9DD6 /* Release */ = {
			isa = XCBuildConfiguration;
			buildSettings = {
				ALWAYS_SEARCH_USER_PATHS = NO;
				CLANG_ANALYZER_NONNULL = YES;
				CLANG_ANALYZER_NUMBER_OBJECT_CONVERSION = YES_AGGRESSIVE;
				CLANG_CXX_LANGUAGE_STANDARD = "gnu++20";
				CLANG_ENABLE_MODULES = YES;
				CLANG_ENABLE_OBJC_ARC = YES;
				CLANG_ENABLE_OBJC_WEAK = YES;
				CLANG_WARN_BLOCK_CAPTURE_AUTORELEASING = YES;
				CLANG_WARN_BOOL_CONVERSION = YES;
				CLANG_WARN_COMMA = YES;
				CLANG_WARN_CONSTANT_CONVERSION = YES;
				CLANG_WARN_DEPRECATED_OBJC_IMPLEMENTATIONS = YES;
				CLANG_WARN_DIRECT_OBJC_ISA_USAGE = YES_ERROR;
				CLANG_WARN_DOCUMENTATION_COMMENTS = YES;
				CLANG_WARN_EMPTY_BODY = YES;
				CLANG_WARN_ENUM_CONVERSION = YES;
				CLANG_WARN_INFINITE_RECURSION = YES;
				CLANG_WARN_INT_CONVERSION = YES;
				CLANG_WARN_NON_LITERAL_NULL_CONVERSION = YES;
				CLANG_WARN_OBJC_IMPLICIT_RETAIN_SELF = YES;
				CLANG_WARN_OBJC_LITERAL_CONVERSION = YES;
				CLANG_WARN_OBJC_ROOT_CLASS = YES_ERROR;
				CLANG_WARN_QUOTED_INCLUDE_IN_FRAMEWORK_HEADER = YES;
				CLANG_WARN_RANGE_LOOP_ANALYSIS = YES;
				CLANG_WARN_STRICT_PROTOTYPES = YES;
				CLANG_WARN_SUSPICIOUS_MOVE = YES;
				CLANG_WARN_UNGUARDED_AVAILABILITY = YES_AGGRESSIVE;
				CLANG_WARN_UNREACHABLE_CODE = YES;
				CLANG_WARN__DUPLICATE_METHOD_MATCH = YES;
				COPY_PHASE_STRIP = NO;
				DEBUG_INFORMATION_FORMAT = "dwarf-with-dsym";
				ENABLE_NS_ASSERTIONS = NO;
				ENABLE_STRICT_OBJC_MSGSEND = YES;
				GCC_C_LANGUAGE_STANDARD = gnu11;
				GCC_NO_COMMON_BLOCKS = YES;
				GCC_WARN_64_TO_32_BIT_CONVERSION = YES;
				GCC_WARN_ABOUT_RETURN_TYPE = YES_ERROR;
				GCC_WARN_UNDECLARED_SELECTOR = YES;
				GCC_WARN_UNINITIALIZED_AUTOS = YES_AGGRESSIVE;
				GCC_WARN_UNUSED_FUNCTION = YES;
				GCC_WARN_UNUSED_VARIABLE = YES;
				IPHONEOS_DEPLOYMENT_TARGET = 16.4;
				MTL_ENABLE_DEBUG_INFO = NO;
				MTL_FAST_MATH = YES;
				SDKROOT = iphoneos;
				SWIFT_COMPILATION_MODE = wholemodule;
				SWIFT_OPTIMIZATION_LEVEL = "-O";
				VALIDATE_PRODUCT = YES;
			};
			name = Release;
		};
		620708252A8AFA6D002A9DD6 /* Debug */ = {
			isa = XCBuildConfiguration;
			baseConfigurationReference = 0AABDD3B46C4294FEF3E8EA4 /* Pods-ExampleCICD.debug.xcconfig */;
			buildSettings = {
				ASSETCATALOG_COMPILER_APPICON_NAME = AppIcon;
				ASSETCATALOG_COMPILER_GLOBAL_ACCENT_COLOR_NAME = AccentColor;
				CODE_SIGN_STYLE = Automatic;
				CURRENT_PROJECT_VERSION = 1;
				DEVELOPMENT_TEAM = WF5X37D4TY;
				GENERATE_INFOPLIST_FILE = YES;
				INFOPLIST_FILE = ExampleCICD/Info.plist;
				INFOPLIST_KEY_UIApplicationSupportsIndirectInputEvents = YES;
				INFOPLIST_KEY_UILaunchStoryboardName = LaunchScreen;
				INFOPLIST_KEY_UIMainStoryboardFile = Main;
				INFOPLIST_KEY_UISupportedInterfaceOrientations_iPad = "UIInterfaceOrientationPortrait UIInterfaceOrientationPortraitUpsideDown UIInterfaceOrientationLandscapeLeft UIInterfaceOrientationLandscapeRight";
				INFOPLIST_KEY_UISupportedInterfaceOrientations_iPhone = "UIInterfaceOrientationPortrait UIInterfaceOrientationLandscapeLeft UIInterfaceOrientationLandscapeRight";
				IPHONEOS_DEPLOYMENT_TARGET = 16.0;
				LD_RUNPATH_SEARCH_PATHS = (
					"$(inherited)",
					"@executable_path/Frameworks",
				);
				MARKETING_VERSION = 1.0;
				PRODUCT_BUNDLE_IDENTIFIER = telmex.ExampleCICD;
				PRODUCT_NAME = "$(TARGET_NAME)";
				SUPPORTED_PLATFORMS = "iphoneos iphonesimulator";
				SUPPORTS_MACCATALYST = NO;
				SUPPORTS_MAC_DESIGNED_FOR_IPHONE_IPAD = NO;
				SWIFT_EMIT_LOC_STRINGS = YES;
				SWIFT_VERSION = 5.0;
				TARGETED_DEVICE_FAMILY = 1;
			};
			name = Debug;
		};
		620708262A8AFA6D002A9DD6 /* Release */ = {
			isa = XCBuildConfiguration;
			baseConfigurationReference = B021C8EDA1FB6C41CFAD2982 /* Pods-ExampleCICD.release.xcconfig */;
			buildSettings = {
				ASSETCATALOG_COMPILER_APPICON_NAME = AppIcon;
				ASSETCATALOG_COMPILER_GLOBAL_ACCENT_COLOR_NAME = AccentColor;
				CODE_SIGN_STYLE = Automatic;
				CURRENT_PROJECT_VERSION = 1;
				DEVELOPMENT_TEAM = WF5X37D4TY;
				GENERATE_INFOPLIST_FILE = YES;
				INFOPLIST_FILE = ExampleCICD/Info.plist;
				INFOPLIST_KEY_UIApplicationSupportsIndirectInputEvents = YES;
				INFOPLIST_KEY_UILaunchStoryboardName = LaunchScreen;
				INFOPLIST_KEY_UIMainStoryboardFile = Main;
				INFOPLIST_KEY_UISupportedInterfaceOrientations_iPad = "UIInterfaceOrientationPortrait UIInterfaceOrientationPortraitUpsideDown UIInterfaceOrientationLandscapeLeft UIInterfaceOrientationLandscapeRight";
				INFOPLIST_KEY_UISupportedInterfaceOrientations_iPhone = "UIInterfaceOrientationPortrait UIInterfaceOrientationLandscapeLeft UIInterfaceOrientationLandscapeRight";
				IPHONEOS_DEPLOYMENT_TARGET = 16.0;
				LD_RUNPATH_SEARCH_PATHS = (
					"$(inherited)",
					"@executable_path/Frameworks",
				);
				MARKETING_VERSION = 1.0;
				PRODUCT_BUNDLE_IDENTIFIER = telmex.ExampleCICD;
				PRODUCT_NAME = "$(TARGET_NAME)";
				SUPPORTED_PLATFORMS = "iphoneos iphonesimulator";
				SUPPORTS_MACCATALYST = NO;
				SUPPORTS_MAC_DESIGNED_FOR_IPHONE_IPAD = NO;
				SWIFT_EMIT_LOC_STRINGS = YES;
				SWIFT_VERSION = 5.0;
				TARGETED_DEVICE_FAMILY = 1;
			};
			name = Release;
		};
/* End XCBuildConfiguration section */

/* Begin XCConfigurationList section */
		6207080B2A8AFA46002A9DD6 /* Build configuration list for PBXProject "ExampleCICD" */ = {
			isa = XCConfigurationList;
			buildConfigurations = (
				620708222A8AFA6D002A9DD6 /* Debug */,
				620708232A8AFA6D002A9DD6 /* Release */,
			);
			defaultConfigurationIsVisible = 0;
			defaultConfigurationName = Release;
		};
		620708242A8AFA6D002A9DD6 /* Build configuration list for PBXNativeTarget "ExampleCICD" */ = {
			isa = XCConfigurationList;
			buildConfigurations = (
				620708252A8AFA6D002A9DD6 /* Debug */,
				620708262A8AFA6D002A9DD6 /* Release */,
			);
			defaultConfigurationIsVisible = 0;
			defaultConfigurationName = Release;
		};
/* End XCConfigurationList section */
	};
	rootObject = 620708082A8AFA46002A9DD6 /* Project object */;
}
